
Microsoft Visual Studio Solution File, Format Version 12.00
# Visual Studio Version 16
VisualStudioVersion = 16.0.30711.63
MinimumVisualStudioVersion = 10.0.40219.1
Project("{FAE04EC0-301F-11D3-BF4B-00C04F79EFBC}") = "netCore_TaskManagement", "netCore_TaskManagement\netCore_TaskManagement.csproj", "{4D13BE2E-2D9D-4298-9BA8-9CAADD737B28}"
EndProject
Global
	GlobalSection(SolutionConfigurationPlatforms) = preSolution
		Debug|Any CPU = Debug|Any CPU
		Release|Any CPU = Release|Any CPU
	EndGlobalSection
	GlobalSection(ProjectConfigurationPlatforms) = postSolution
		{4D13BE2E-2D9D-4298-9BA8-9CAADD737B28}.Debug|Any CPU.ActiveCfg = Debug|Any CPU
		{4D13BE2E-2D9D-4298-9BA8-9CAADD737B28}.Debug|Any CPU.Build.0 = Debug|Any CPU
		{4D13BE2E-2D9D-4298-9BA8-9CAADD737B28}.Release|Any CPU.ActiveCfg = Release|Any CPU
		{4D13BE2E-2D9D-4298-9BA8-9CAADD737B28}.Release|Any CPU.Build.0 = Release|Any CPU
	EndGlobalSection
	GlobalSection(SolutionProperties) = preSolution
		HideSolutionNode = FALSE
	EndGlobalSection
	GlobalSection(ExtensibilityGlobals) = postSolution
		SolutionGuid = {875B80D5-3673-4FFD-B506-9BE052DA4683}
	EndGlobalSection
EndGlobal
